
Microsoft Visual Studio Solution File, Format Version 12.00
# Visual Studio Version 17
VisualStudioVersion = 17.4.33403.182
MinimumVisualStudioVersion = 10.0.40219.1
Project("{9A19103F-16F7-4668-BE54-9A1E7A4F7556}") = "Application", "Application\Application.csproj", "{534C4D96-2256-46CD-B335-6D4F13FAE1FC}"
EndProject
Project("{9A19103F-16F7-4668-BE54-9A1E7A4F7556}") = "PresentationWPF", "PresentationWPF\PresentationWPF.csproj", "{F29EFE1E-6B03-4AE4-8ADC-55420511FACE}"
EndProject
Project("{2150E333-8FDC-42A3-9474-1A3956D46DE8}") = "Source", "Source", "{D906D860-CE9F-4CE7-BE89-E958CA28BBBC}"
EndProject
Project("{9A19103F-16F7-4668-BE54-9A1E7A4F7556}") = "Infrastructure", "Infrastructure\Infrastructure.csproj", "{DB4E36E0-DB2F-45E9-AB5A-662E85C609F5}"
EndProject
Project("{9A19103F-16F7-4668-BE54-9A1E7A4F7556}") = "Domain", "Domain\Domain.csproj", "{A2E808D1-E578-42B2-A4E9-CFA5DF5FF73A}"
EndProject
Project("{2150E333-8FDC-42A3-9474-1A3956D46DE8}") = "Tests", "Tests", "{90416CA4-A174-443B-9301-EA2CADB9DCA2}"
EndProject
Project("{9A19103F-16F7-4668-BE54-9A1E7A4F7556}") = "DataLayer", "DataLayer\DataLayer.csproj", "{B62BCD97-C2A2-4AC7-A433-1E9DFE1C5513}"
EndProject
Project("{9A19103F-16F7-4668-BE54-9A1E7A4F7556}") = "PrescriptionMedicineProvider", "PrescriptionMedicineProvider\PrescriptionMedicineProvider.csproj", "{5708A9A7-603A-4E38-BDB9-0C647F72AC11}"
EndProject
Project("{FAE04EC0-301F-11D3-BF4B-00C04F79EFBC}") = "Presentation", "Presentation\Presentation.csproj", "{5E80DB76-6952-4A5C-AC96-376B555D6748}"
EndProject
Project("{FAE04EC0-301F-11D3-BF4B-00C04F79EFBC}") = "DomainTest", "DomainTest\DomainTest.csproj", "{08F4B62D-D723-426A-BEF4-2A04E5069524}"
EndProject
Project("{FAE04EC0-301F-11D3-BF4B-00C04F79EFBC}") = "DataLayerTest", "DataLayerTest\DataLayerTest.csproj", "{AF75456B-3247-4037-B109-3C4E6B6832FE}"
EndProject
Project("{FAE04EC0-301F-11D3-BF4B-00C04F79EFBC}") = "ApplicationTest", "ApplicationTest\ApplicationTest.csproj", "{E419C9D3-BD5E-4E68-9C2C-B7777A6EB81F}"
EndProject
Global
	GlobalSection(SolutionConfigurationPlatforms) = preSolution
		Debug|Any CPU = Debug|Any CPU
		Release|Any CPU = Release|Any CPU
	EndGlobalSection
	GlobalSection(ProjectConfigurationPlatforms) = postSolution
		{534C4D96-2256-46CD-B335-6D4F13FAE1FC}.Debug|Any CPU.ActiveCfg = Debug|Any CPU
		{534C4D96-2256-46CD-B335-6D4F13FAE1FC}.Debug|Any CPU.Build.0 = Debug|Any CPU
		{534C4D96-2256-46CD-B335-6D4F13FAE1FC}.Release|Any CPU.ActiveCfg = Release|Any CPU
		{534C4D96-2256-46CD-B335-6D4F13FAE1FC}.Release|Any CPU.Build.0 = Release|Any CPU
		{F29EFE1E-6B03-4AE4-8ADC-55420511FACE}.Debug|Any CPU.ActiveCfg = Debug|Any CPU
		{F29EFE1E-6B03-4AE4-8ADC-55420511FACE}.Debug|Any CPU.Build.0 = Debug|Any CPU
		{F29EFE1E-6B03-4AE4-8ADC-55420511FACE}.Release|Any CPU.ActiveCfg = Release|Any CPU
		{F29EFE1E-6B03-4AE4-8ADC-55420511FACE}.Release|Any CPU.Build.0 = Release|Any CPU
		{DB4E36E0-DB2F-45E9-AB5A-662E85C609F5}.Debug|Any CPU.ActiveCfg = Debug|Any CPU
		{DB4E36E0-DB2F-45E9-AB5A-662E85C609F5}.Debug|Any CPU.Build.0 = Debug|Any CPU
		{DB4E36E0-DB2F-45E9-AB5A-662E85C609F5}.Release|Any CPU.ActiveCfg = Release|Any CPU
		{DB4E36E0-DB2F-45E9-AB5A-662E85C609F5}.Release|Any CPU.Build.0 = Release|Any CPU
		{A2E808D1-E578-42B2-A4E9-CFA5DF5FF73A}.Debug|Any CPU.ActiveCfg = Debug|Any CPU
		{A2E808D1-E578-42B2-A4E9-CFA5DF5FF73A}.Debug|Any CPU.Build.0 = Debug|Any CPU
		{A2E808D1-E578-42B2-A4E9-CFA5DF5FF73A}.Release|Any CPU.ActiveCfg = Release|Any CPU
		{A2E808D1-E578-42B2-A4E9-CFA5DF5FF73A}.Release|Any CPU.Build.0 = Release|Any CPU
		{B62BCD97-C2A2-4AC7-A433-1E9DFE1C5513}.Debug|Any CPU.ActiveCfg = Debug|Any CPU
		{B62BCD97-C2A2-4AC7-A433-1E9DFE1C5513}.Debug|Any CPU.Build.0 = Debug|Any CPU
		{B62BCD97-C2A2-4AC7-A433-1E9DFE1C5513}.Release|Any CPU.ActiveCfg = Release|Any CPU
		{B62BCD97-C2A2-4AC7-A433-1E9DFE1C5513}.Release|Any CPU.Build.0 = Release|Any CPU
		{5708A9A7-603A-4E38-BDB9-0C647F72AC11}.Debug|Any CPU.ActiveCfg = Debug|Any CPU
		{5708A9A7-603A-4E38-BDB9-0C647F72AC11}.Debug|Any CPU.Build.0 = Debug|Any CPU
		{5708A9A7-603A-4E38-BDB9-0C647F72AC11}.Release|Any CPU.ActiveCfg = Release|Any CPU
		{5708A9A7-603A-4E38-BDB9-0C647F72AC11}.Release|Any CPU.Build.0 = Release|Any CPU
		{5E80DB76-6952-4A5C-AC96-376B555D6748}.Debug|Any CPU.ActiveCfg = Debug|Any CPU
		{5E80DB76-6952-4A5C-AC96-376B555D6748}.Debug|Any CPU.Build.0 = Debug|Any CPU
		{5E80DB76-6952-4A5C-AC96-376B555D6748}.Debug|Any CPU.Deploy.0 = Debug|Any CPU
		{5E80DB76-6952-4A5C-AC96-376B555D6748}.Release|Any CPU.ActiveCfg = Release|Any CPU
		{5E80DB76-6952-4A5C-AC96-376B555D6748}.Release|Any CPU.Build.0 = Release|Any CPU
		{5E80DB76-6952-4A5C-AC96-376B555D6748}.Release|Any CPU.Deploy.0 = Release|Any CPU
		{08F4B62D-D723-426A-BEF4-2A04E5069524}.Debug|Any CPU.ActiveCfg = Debug|Any CPU
		{08F4B62D-D723-426A-BEF4-2A04E5069524}.Debug|Any CPU.Build.0 = Debug|Any CPU
		{08F4B62D-D723-426A-BEF4-2A04E5069524}.Release|Any CPU.ActiveCfg = Release|Any CPU
		{08F4B62D-D723-426A-BEF4-2A04E5069524}.Release|Any CPU.Build.0 = Release|Any CPU
		{AF75456B-3247-4037-B109-3C4E6B6832FE}.Debug|Any CPU.ActiveCfg = Debug|Any CPU
		{AF75456B-3247-4037-B109-3C4E6B6832FE}.Debug|Any CPU.Build.0 = Debug|Any CPU
		{AF75456B-3247-4037-B109-3C4E6B6832FE}.Release|Any CPU.ActiveCfg = Release|Any CPU
		{AF75456B-3247-4037-B109-3C4E6B6832FE}.Release|Any CPU.Build.0 = Release|Any CPU
		{E419C9D3-BD5E-4E68-9C2C-B7777A6EB81F}.Debug|Any CPU.ActiveCfg = Debug|Any CPU
		{E419C9D3-BD5E-4E68-9C2C-B7777A6EB81F}.Debug|Any CPU.Build.0 = Debug|Any CPU
		{E419C9D3-BD5E-4E68-9C2C-B7777A6EB81F}.Release|Any CPU.ActiveCfg = Release|Any CPU
		{E419C9D3-BD5E-4E68-9C2C-B7777A6EB81F}.Release|Any CPU.Build.0 = Release|Any CPU
	EndGlobalSection
	GlobalSection(SolutionProperties) = preSolution
		HideSolutionNode = FALSE
	EndGlobalSection
	GlobalSection(NestedProjects) = preSolution
		{534C4D96-2256-46CD-B335-6D4F13FAE1FC} = {D906D860-CE9F-4CE7-BE89-E958CA28BBBC}
		{F29EFE1E-6B03-4AE4-8ADC-55420511FACE} = {D906D860-CE9F-4CE7-BE89-E958CA28BBBC}
		{DB4E36E0-DB2F-45E9-AB5A-662E85C609F5} = {D906D860-CE9F-4CE7-BE89-E958CA28BBBC}
		{A2E808D1-E578-42B2-A4E9-CFA5DF5FF73A} = {D906D860-CE9F-4CE7-BE89-E958CA28BBBC}
		{B62BCD97-C2A2-4AC7-A433-1E9DFE1C5513} = {D906D860-CE9F-4CE7-BE89-E958CA28BBBC}
		{08F4B62D-D723-426A-BEF4-2A04E5069524} = {90416CA4-A174-443B-9301-EA2CADB9DCA2}
		{AF75456B-3247-4037-B109-3C4E6B6832FE} = {90416CA4-A174-443B-9301-EA2CADB9DCA2}
		{E419C9D3-BD5E-4E68-9C2C-B7777A6EB81F} = {90416CA4-A174-443B-9301-EA2CADB9DCA2}
	EndGlobalSection
	GlobalSection(ExtensibilityGlobals) = postSolution
		SolutionGuid = {4FFB07EB-C1D7-49AC-B223-D533A0C3AFF2}
	EndGlobalSection
EndGlobal
